<?xml version="1.0" encoding="utf-8"?>
<Project ToolsVersion="4.0" xmlns="http://schemas.microsoft.com/developer/msbuild/2003">
  <ItemGroup>
    <Filter Include="资源文件">
      <UniqueIdentifier>{67DA6AB6-F800-4c08-8B7A-83BB121AAD01}</UniqueIdentifier>
      <Extensions>rc;ico;cur;bmp;dlg;rc2;rct;bin;rgs;gif;jpg;jpeg;jpe;resx;tiff;tif;png;wav;mfcribbon-ms</Extensions>
    </Filter>
    <Filter Include="headers">
      <UniqueIdentifier>{bd84b8ad-42ef-48a7-9d29-97f3ca61bb71}</UniqueIdentifier>
    </Filter>
    <Filter Include="scope">
      <UniqueIdentifier>{0066654a-1445-4de9-a7ff-3da8e3a41ffc}</UniqueIdentifier>
    </Filter>
    <Filter Include="class">
      <UniqueIdentifier>{10e59abe-e750-442d-b962-267562fecb74}</UniqueIdentifier>
    </Filter>
    <Filter Include="function">
      <UniqueIdentifier>{0daf79a4-bcf1-412b-904e-0d31ccb08923}</UniqueIdentifier>
    </Filter>
    <Filter Include="other">
      <UniqueIdentifier>{fa6fc342-b6ab-4351-bbd5-7750e831f8ba}</UniqueIdentifier>
    </Filter>
    <Filter Include="standard">
      <UniqueIdentifier>{ff780e8f-14af-4fd4-8b90-bee5ed77737e}</UniqueIdentifier>
    </Filter>
  </ItemGroup>
  <ItemGroup>
    <ClCompile Include="main.cpp" />
    <ClCompile Include="header.cpp">
      <Filter>headers</Filter>
    </ClCompile>
    <ClCompile Include="scope.cpp">
      <Filter>scope</Filter>
    </ClCompile>
    <ClCompile Include="class.cpp">
      <Filter>class</Filter>
    </ClCompile>
    <ClCompile Include="function.cpp">
      <Filter>function</Filter>
    </ClCompile>
    <ClCompile Include="other.cpp">
      <Filter>other</Filter>
    </ClCompile>
    <ClCompile Include="standard.cpp">
      <Filter>standard</Filter>
    </ClCompile>
  </ItemGroup>
  <ItemGroup>
    <ClInclude Include="headers.h">
      <Filter>headers</Filter>
    </ClInclude>
    <ClInclude Include="resource.h" />
    <ClInclude Include="scope.h">
      <Filter>scope</Filter>
    </ClInclude>
    <ClInclude Include="class.h">
      <Filter>class</Filter>
    </ClInclude>
    <ClInclude Include="function.h">
      <Filter>function</Filter>
    </ClInclude>
    <ClInclude Include="other.h">
      <Filter>other</Filter>
    </ClInclude>
    <ClInclude Include="standard.h">
      <Filter>standard</Filter>
    </ClInclude>
  </ItemGroup>
  <ItemGroup>
    <ResourceCompile Include="cpp_style_guide.rc">
      <Filter>资源文件</Filter>
    </ResourceCompile>
  </ItemGroup>
</Project>